{
  "lockfileVersion": 1,
  "configVersion": 1,
  "workspaces": {
    "": {
      "dependencies": {
        "@react-native-community/slider": "^5.2.0",
      },
    },
  },
  "packages": {
    "@react-native-community/slider": ["@react-native-community/slider@5.2.0", "", {}, "sha512-484sH8aWEaSjxaZ7HT3YZ8CKDcNes2synko1vdEz5DFEdvKAduxKJTj22L/qBMD7rtIkfbX69DMzWDAGbOAV6w=="],
  }
}
